{
  "name": "hdsp",
  "version": "0.0.5",
  "lockfileVersion": 1,
  "requires": true,
  "dependencies": {
    "typescript-compiler": {
      "version": "1.4.1-2",
      "resolved": "https://registry.npmjs.org/typescript-compiler/-/typescript-compiler-1.4.1-2.tgz",
      "integrity": "sha1-uk99si2RU0oZKdkACdzhYety/T8="
    }
  }
}
